
Microsoft Visual Studio Solution File, Format Version 12.00
# Visual Studio Version 18
VisualStudioVersion = 18.3.11520.95 d18.3
MinimumVisualStudioVersion = 10.0.40219.1
Project("{FAE04EC0-301F-11D3-BF4B-00C04F79EFBC}") = "ClaudeTradingBot", "ClaudeTradingBot.csproj", "{C0F0730B-0467-E8EE-DDF5-576203C74661}"
EndProject
Global
	GlobalSection(SolutionConfigurationPlatforms) = preSolution
		Debug|Any CPU = Debug|Any CPU
		Release|Any CPU = Release|Any CPU
	EndGlobalSection
	GlobalSection(ProjectConfigurationPlatforms) = postSolution
		{C0F0730B-0467-E8EE-DDF5-576203C74661}.Debug|Any CPU.ActiveCfg = Debug|Any CPU
		{C0F0730B-0467-E8EE-DDF5-576203C74661}.Debug|Any CPU.Build.0 = Debug|Any CPU
		{C0F0730B-0467-E8EE-DDF5-576203C74661}.Release|Any CPU.ActiveCfg = Release|Any CPU
		{C0F0730B-0467-E8EE-DDF5-576203C74661}.Release|Any CPU.Build.0 = Release|Any CPU
	EndGlobalSection
	GlobalSection(SolutionProperties) = preSolution
		HideSolutionNode = FALSE
	EndGlobalSection
	GlobalSection(ExtensibilityGlobals) = postSolution
		SolutionGuid = {681F9896-E60A-48D0-BAE1-FF3B48ABA4A0}
	EndGlobalSection
EndGlobal
